// !$*UTF8*$!
{
	archiveVersion = 1;
	classes = {
	};
	objectVersion = 48;
	objects = {

/* Begin PBXBuildFile section */
		FDA7EF5F1FBE3950008FC102 /* AppDelegate.swift in Sources */ = {isa = PBXBuildFile; fileRef = FDA7EF5E1FBE3950008FC102 /* AppDelegate.swift */; };
		FDA7EF611FBE3950008FC102 /* ViewController.swift in Sources */ = {isa = PBXBuildFile; fileRef = FDA7EF601FBE3950008FC102 /* ViewController.swift */; };
		FDA7EF641FBE3950008FC102 /* Main.storyboard in Resources */ = {isa = PBXBuildFile; fileRef = FDA7EF621FBE3950008FC102 /* Main.storyboard */; };
		FDA7EF661FBE3950008FC102 /* Assets.xcassets in Resources */ = {isa = PBXBuildFile; fileRef = FDA7EF651FBE3950008FC102 /* Assets.xcassets */; };
		FDA7EF691FBE3950008FC102 /* LaunchScreen.storyboard in Resources */ = {isa = PBXBuildFile; fileRef = FDA7EF671FBE3950008FC102 /* LaunchScreen.storyboard */; };
		FDF94EE71FC38C5D00A164B8 /* UIButton.swift in Sources */ = {isa = PBXBuildFile; fileRef = FDF94EE61FC38C5D00A164B8 /* UIButton.swift */; };
		FDF94EE91FC38D2600A164B8 /* FibonacciFormulaHandable.swift in Sources */ = {isa = PBXBuildFile; fileRef = FDF94EE81FC38D2600A164B8 /* FibonacciFormulaHandable.swift */; };
		FDF94EF11FC38DFF00A164B8 /* FibonacciFormulaHandableTest.swift in Sources */ = {isa = PBXBuildFile; fileRef = FDF94EF01FC38DFF00A164B8 /* FibonacciFormulaHandableTest.swift */; };
		FDF94EFF1FC3967300A164B8 /* FibonacciUITests.swift in Sources */ = {isa = PBXBuildFile; fileRef = FDF94EFE1FC3967300A164B8 /* FibonacciUITests.swift */; };
/* End PBXBuildFile section */

/* Begin PBXContainerItemProxy section */
		FDF94EF31FC38DFF00A164B8 /* PBXContainerItemProxy */ = {
			isa = PBXContainerItemProxy;
			containerPortal = FDA7EF531FBE3950008FC102 /* Project object */;
			proxyType = 1;
			remoteGlobalIDString = FDA7EF5A1FBE3950008FC102;
			remoteInfo = fibonacci;
		};
		FDF94F011FC3967300A164B8 /* PBXContainerItemProxy */ = {
			isa = PBXContainerItemProxy;
			containerPortal = FDA7EF531FBE3950008FC102 /* Project object */;
			proxyType = 1;
			remoteGlobalIDString = FDA7EF5A1FBE3950008FC102;
			remoteInfo = fibonacci;
		};
/* End PBXContainerItemProxy section */

/* Begin PBXFileReference section */
		FDA7EF5B1FBE3950008FC102 /* fibonacci.app */ = {isa = PBXFileReference; explicitFileType = wrapper.application; includeInIndex = 0; path = fibonacci.app; sourceTree = BUILT_PRODUCTS_DIR; };
		FDA7EF5E1FBE3950008FC102 /* AppDelegate.swift */ = {isa = PBXFileReference; lastKnownFileType = sourcecode.swift; path = AppDelegate.swift; sourceTree = "<group>"; };
		FDA7EF601FBE3950008FC102 /* ViewController.swift */ = {isa = PBXFileReference; lastKnownFileType = sourcecode.swift; path = ViewController.swift; sourceTree = "<group>"; };
		FDA7EF631FBE3950008FC102 /* Base */ = {isa = PBXFileReference; lastKnownFileType = file.storyboard; name = Base; path = Base.lproj/Main.storyboard; sourceTree = "<group>"; };
		FDA7EF651FBE3950008FC102 /* Assets.xcassets */ = {isa = PBXFileReference; lastKnownFileType = folder.assetcatalog; path = Assets.xcassets; sourceTree = "<group>"; };
		FDA7EF681FBE3950008FC102 /* Base */ = {isa = PBXFileReference; lastKnownFileType = file.storyboard; name = Base; path = Base.lproj/LaunchScreen.storyboard; sourceTree = "<group>"; };
		FDA7EF6A1FBE3950008FC102 /* Info.plist */ = {isa = PBXFileReference; lastKnownFileType = text.plist.xml; path = Info.plist; sourceTree = "<group>"; };
		FDF94EE61FC38C5D00A164B8 /* UIButton.swift */ = {isa = PBXFileReference; lastKnownFileType = sourcecode.swift; path = UIButton.swift; sourceTree = "<group>"; };
		FDF94EE81FC38D2600A164B8 /* FibonacciFormulaHandable.swift */ = {isa = PBXFileReference; lastKnownFileType = sourcecode.swift; path = FibonacciFormulaHandable.swift; sourceTree = "<group>"; };
		FDF94EEE1FC38DFF00A164B8 /* fibonacciTests.xctest */ = {isa = PBXFileReference; explicitFileType = wrapper.cfbundle; includeInIndex = 0; path = fibonacciTests.xctest; sourceTree = BUILT_PRODUCTS_DIR; };
		FDF94EF01FC38DFF00A164B8 /* FibonacciFormulaHandableTest.swift */ = {isa = PBXFileReference; lastKnownFileType = sourcecode.swift; path = FibonacciFormulaHandableTest.swift; sourceTree = "<group>"; };
		FDF94EF21FC38DFF00A164B8 /* Info.plist */ = {isa = PBXFileReference; lastKnownFileType = text.plist.xml; path = Info.plist; sourceTree = "<group>"; };
		FDF94EFC1FC3967300A164B8 /* fibonacciUITests.xctest */ = {isa = PBXFileReference; explicitFileType = wrapper.cfbundle; includeInIndex = 0; path = fibonacciUITests.xctest; sourceTree = BUILT_PRODUCTS_DIR; };
		FDF94EFE1FC3967300A164B8 /* FibonacciUITests.swift */ = {isa = PBXFileReference; lastKnownFileType = sourcecode.swift; path = FibonacciUITests.swift; sourceTree = "<group>"; };
		FDF94F001FC3967300A164B8 /* Info.plist */ = {isa = PBXFileReference; lastKnownFileType = text.plist.xml; path = Info.plist; sourceTree = "<group>"; };
/* End PBXFileReference section */

/* Begin PBXFrameworksBuildPhase section */
		FDA7EF581FBE3950008FC102 /* Frameworks */ = {
			isa = PBXFrameworksBuildPhase;
			buildActionMask = 2147483647;
			files = (
			);
			runOnlyForDeploymentPostprocessing = 0;
		};
		FDF94EEB1FC38DFF00A164B8 /* Frameworks */ = {
			isa = PBXFrameworksBuildPhase;
			buildActionMask = 2147483647;
			files = (
			);
			runOnlyForDeploymentPostprocessing = 0;
		};
		FDF94EF91FC3967300A164B8 /* Frameworks */ = {
			isa = PBXFrameworksBuildPhase;
			buildActionMask = 2147483647;
			files = (
			);
			runOnlyForDeploymentPostprocessing = 0;
		};
/* End PBXFrameworksBuildPhase section */

/* Begin PBXGroup section */
		FDA7EF521FBE3950008FC102 = {
			isa = PBXGroup;
			children = (
				FDA7EF5D1FBE3950008FC102 /* fibonacci */,
				FDF94EEF1FC38DFF00A164B8 /* fibonacciTests */,
				FDF94EFD1FC3967300A164B8 /* fibonacciUITests */,
				FDA7EF5C1FBE3950008FC102 /* Products */,
			);
			sourceTree = "<group>";
		};
		FDA7EF5C1FBE3950008FC102 /* Products */ = {
			isa = PBXGroup;
			children = (
				FDA7EF5B1FBE3950008FC102 /* fibonacci.app */,
				FDF94EEE1FC38DFF00A164B8 /* fibonacciTests.xctest */,
				FDF94EFC1FC3967300A164B8 /* fibonacciUITests.xctest */,
			);
			name = Products;
			sourceTree = "<group>";
		};
		FDA7EF5D1FBE3950008FC102 /* fibonacci */ = {
			isa = PBXGroup;
			children = (
				FDA7EF5E1FBE3950008FC102 /* AppDelegate.swift */,
				FDA7EF601FBE3950008FC102 /* ViewController.swift */,
				FDF94EE81FC38D2600A164B8 /* FibonacciFormulaHandable.swift */,
				FDF94EE61FC38C5D00A164B8 /* UIButton.swift */,
				FDA7EF621FBE3950008FC102 /* Main.storyboard */,
				FDA7EF651FBE3950008FC102 /* Assets.xcassets */,
				FDA7EF671FBE3950008FC102 /* LaunchScreen.storyboard */,
				FDA7EF6A1FBE3950008FC102 /* Info.plist */,
			);
			path = fibonacci;
			sourceTree = "<group>";
		};
		FDF94EEF1FC38DFF00A164B8 /* fibonacciTests */ = {
			isa = PBXGroup;
			children = (
				FDF94EF01FC38DFF00A164B8 /* FibonacciFormulaHandableTest.swift */,
				FDF94EF21FC38DFF00A164B8 /* Info.plist */,
			);
			path = fibonacciTests;
			sourceTree = "<group>";
		};
		FDF94EFD1FC3967300A164B8 /* fibonacciUITests */ = {
			isa = PBXGroup;
			children = (
				FDF94EFE1FC3967300A164B8 /* FibonacciUITests.swift */,
				FDF94F001FC3967300A164B8 /* Info.plist */,
			);
			path = fibonacciUITests;
			sourceTree = "<group>";
		};
/* End PBXGroup section */

/* Begin PBXNativeTarget section */
		FDA7EF5A1FBE3950008FC102 /* fibonacci */ = {
			isa = PBXNativeTarget;
			buildConfigurationList = FDA7EF6D1FBE3950008FC102 /* Build configuration list for PBXNativeTarget "fibonacci" */;
			buildPhases = (
				FDA7EF571FBE3950008FC102 /* Sources */,
				FDA7EF581FBE3950008FC102 /* Frameworks */,
				FDA7EF591FBE3950008FC102 /* Resources */,
			);
			buildRules = (
			);
			dependencies = (
			);
			name = fibonacci;
			productName = fibonacci;
			productReference = FDA7EF5B1FBE3950008FC102 /* fibonacci.app */;
			productType = "com.apple.product-type.application";
		};
		FDF94EED1FC38DFF00A164B8 /* fibonacciTests */ = {
			isa = PBXNativeTarget;
			buildConfigurationList = FDF94EF51FC38DFF00A164B8 /* Build configuration list for PBXNativeTarget "fibonacciTests" */;
			buildPhases = (
				FDF94EEA1FC38DFF00A164B8 /* Sources */,
				FDF94EEB1FC38DFF00A164B8 /* Frameworks */,
				FDF94EEC1FC38DFF00A164B8 /* Resources */,
			);
			buildRules = (
			);
			dependencies = (
				FDF94EF41FC38DFF00A164B8 /* PBXTargetDependency */,
			);
			name = fibonacciTests;
			productName = fibonacciTests;
			productReference = FDF94EEE1FC38DFF00A164B8 /* fibonacciTests.xctest */;
			productType = "com.apple.product-type.bundle.unit-test";
		};
		FDF94EFB1FC3967300A164B8 /* fibonacciUITests */ = {
			isa = PBXNativeTarget;
			buildConfigurationList = FDF94F031FC3967300A164B8 /* Build configuration list for PBXNativeTarget "fibonacciUITests" */;
			buildPhases = (
				FDF94EF81FC3967300A164B8 /* Sources */,
				FDF94EF91FC3967300A164B8 /* Frameworks */,
				FDF94EFA1FC3967300A164B8 /* Resources */,
			);
			buildRules = (
			);
			dependencies = (
				FDF94F021FC3967300A164B8 /* PBXTargetDependency */,
			);
			name = fibonacciUITests;
			productName = fibonacciUITests;
			productReference = FDF94EFC1FC3967300A164B8 /* fibonacciUITests.xctest */;
			productType = "com.apple.product-type.bundle.ui-testing";
		};
/* End PBXNativeTarget section */

/* Begin PBXProject section */
		FDA7EF531FBE3950008FC102 /* Project object */ = {
			isa = PBXProject;
			attributes = {
				LastSwiftUpdateCheck = 0910;
				LastUpgradeCheck = 0900;
				ORGANIZATIONNAME = "Hélio Mesquita";
				TargetAttributes = {
					FDA7EF5A1FBE3950008FC102 = {
						CreatedOnToolsVersion = 9.0;
						ProvisioningStyle = Automatic;
					};
					FDF94EED1FC38DFF00A164B8 = {
						CreatedOnToolsVersion = 9.1;
						ProvisioningStyle = Automatic;
						TestTargetID = FDA7EF5A1FBE3950008FC102;
					};
					FDF94EFB1FC3967300A164B8 = {
						CreatedOnToolsVersion = 9.1;
						ProvisioningStyle = Automatic;
						TestTargetID = FDA7EF5A1FBE3950008FC102;
					};
				};
			};
			buildConfigurationList = FDA7EF561FBE3950008FC102 /* Build configuration list for PBXProject "fibonacci" */;
			compatibilityVersion = "Xcode 8.0";
			developmentRegion = en;
			hasScannedForEncodings = 0;
			knownRegions = (
				en,
				Base,
			);
			mainGroup = FDA7EF521FBE3950008FC102;
			productRefGroup = FDA7EF5C1FBE3950008FC102 /* Products */;
			projectDirPath = "";
			projectRoot = "";
			targets = (
				FDA7EF5A1FBE3950008FC102 /* fibonacci */,
				FDF94EED1FC38DFF00A164B8 /* fibonacciTests */,
				FDF94EFB1FC3967300A164B8 /* fibonacciUITests */,
			);
		};
/* End PBXProject section */

/* Begin PBXResourcesBuildPhase section */
		FDA7EF591FBE3950008FC102 /* Resources */ = {
			isa = PBXResourcesBuildPhase;
			buildActionMask = 2147483647;
			files = (
				FDA7EF691FBE3950008FC102 /* LaunchScreen.storyboard in Resources */,
				FDA7EF661FBE3950008FC102 /* Assets.xcassets in Resources */,
				FDA7EF641FBE3950008FC102 /* Main.storyboard in Resources */,
			);
			runOnlyForDeploymentPostprocessing = 0;
		};
		FDF94EEC1FC38DFF00A164B8 /* Resources */ = {
			isa = PBXResourcesBuildPhase;
			buildActionMask = 2147483647;
			files = (
			);
			runOnlyForDeploymentPostprocessing = 0;
		};
		FDF94EFA1FC3967300A164B8 /* Resources */ = {
			isa = PBXResourcesBuildPhase;
			buildActionMask = 2147483647;
			files = (
			);
			runOnlyForDeploymentPostprocessing = 0;
		};
/* End PBXResourcesBuildPhase section */

/* Begin PBXSourcesBuildPhase section */
		FDA7EF571FBE3950008FC102 /* Sources */ = {
			isa = PBXSourcesBuildPhase;
			buildActionMask = 2147483647;
			files = (
				FDF94EE91FC38D2600A164B8 /* FibonacciFormulaHandable.swift in Sources */,
				FDA7EF611FBE3950008FC102 /* ViewController.swift in Sources */,
				FDA7EF5F1FBE3950008FC102 /* AppDelegate.swift in Sources */,
				FDF94EE71FC38C5D00A164B8 /* UIButton.swift in Sources */,
			);
			runOnlyForDeploymentPostprocessing = 0;
		};
		FDF94EEA1FC38DFF00A164B8 /* Sources */ = {
			isa = PBXSourcesBuildPhase;
			buildActionMask = 2147483647;
			files = (
				FDF94EF11FC38DFF00A164B8 /* FibonacciFormulaHandableTest.swift in Sources */,
			);
			runOnlyForDeploymentPostprocessing = 0;
		};
		FDF94EF81FC3967300A164B8 /* Sources */ = {
			isa = PBXSourcesBuildPhase;
			buildActionMask = 2147483647;
			files = (
				FDF94EFF1FC3967300A164B8 /* FibonacciUITests.swift in Sources */,
			);
			runOnlyForDeploymentPostprocessing = 0;
		};
/* End PBXSourcesBuildPhase section */

/* Begin PBXTargetDependency section */
		FDF94EF41FC38DFF00A164B8 /* PBXTargetDependency */ = {
			isa = PBXTargetDependency;
			target = FDA7EF5A1FBE3950008FC102 /* fibonacci */;
			targetProxy = FDF94EF31FC38DFF00A164B8 /* PBXContainerItemProxy */;
		};
		FDF94F021FC3967300A164B8 /* PBXTargetDependency */ = {
			isa = PBXTargetDependency;
			target = FDA7EF5A1FBE3950008FC102 /* fibonacci */;
			targetProxy = FDF94F011FC3967300A164B8 /* PBXContainerItemProxy */;
		};
/* End PBXTargetDependency section */

/* Begin PBXVariantGroup section */
		FDA7EF621FBE3950008FC102 /* Main.storyboard */ = {
			isa = PBXVariantGroup;
			children = (
				FDA7EF631FBE3950008FC102 /* Base */,
			);
			name = Main.storyboard;
			sourceTree = "<group>";
		};
		FDA7EF671FBE3950008FC102 /* LaunchScreen.storyboard */ = {
			isa = PBXVariantGroup;
			children = (
				FDA7EF681FBE3950008FC102 /* Base */,
			);
			name = LaunchScreen.storyboard;
			sourceTree = "<group>";
		};
/* End PBXVariantGroup section */

/* Begin XCBuildConfiguration section */
		FDA7EF6B1FBE3950008FC102 /* Debug */ = {
			isa = XCBuildConfiguration;
			buildSettings = {
				ALWAYS_SEARCH_USER_PATHS = NO;
				CLANG_ANALYZER_NONNULL = YES;
				CLANG_ANALYZER_NUMBER_OBJECT_CONVERSION = YES_AGGRESSIVE;
				CLANG_CXX_LANGUAGE_STANDARD = "gnu++14";
				CLANG_CXX_LIBRARY = "libc++";
				CLANG_ENABLE_MODULES = YES;
				CLANG_ENABLE_OBJC_ARC = YES;
				CLANG_WARN_BLOCK_CAPTURE_AUTORELEASING = YES;
				CLANG_WARN_BOOL_CONVERSION = YES;
				CLANG_WARN_COMMA = YES;
				CLANG_WARN_CONSTANT_CONVERSION = YES;
				CLANG_WARN_DIRECT_OBJC_ISA_USAGE = YES_ERROR;
				CLANG_WARN_DOCUMENTATION_COMMENTS = YES;
				CLANG_WARN_EMPTY_BODY = YES;
				CLANG_WARN_ENUM_CONVERSION = YES;
				CLANG_WARN_INFINITE_RECURSION = YES;
				CLANG_WARN_INT_CONVERSION = YES;
				CLANG_WARN_NON_LITERAL_NULL_CONVERSION = YES;
				CLANG_WARN_OBJC_LITERAL_CONVERSION = YES;
				CLANG_WARN_OBJC_ROOT_CLASS = YES_ERROR;
				CLANG_WARN_RANGE_LOOP_ANALYSIS = YES;
				CLANG_WARN_STRICT_PROTOTYPES = YES;
				CLANG_WARN_SUSPICIOUS_MOVE = YES;
				CLANG_WARN_UNGUARDED_AVAILABILITY = YES_AGGRESSIVE;
				CLANG_WARN_UNREACHABLE_CODE = YES;
				CLANG_WARN__DUPLICATE_METHOD_MATCH = YES;
				CODE_SIGN_IDENTITY = "iPhone Developer";
				COPY_PHASE_STRIP = NO;
				DEBUG_INFORMATION_FORMAT = dwarf;
				ENABLE_STRICT_OBJC_MSGSEND = YES;
				ENABLE_TESTABILITY = YES;
				GCC_C_LANGUAGE_STANDARD = gnu11;
				GCC_DYNAMIC_NO_PIC = NO;
				GCC_NO_COMMON_BLOCKS = YES;
				GCC_OPTIMIZATION_LEVEL = 0;
				GCC_PREPROCESSOR_DEFINITIONS = (
					"DEBUG=1",
					"$(inherited)",
				);
				GCC_WARN_64_TO_32_BIT_CONVERSION = YES;
				GCC_WARN_ABOUT_RETURN_TYPE = YES_ERROR;
				GCC_WARN_UNDECLARED_SELECTOR = YES;
				GCC_WARN_UNINITIALIZED_AUTOS = YES_AGGRESSIVE;
				GCC_WARN_UNUSED_FUNCTION = YES;
				GCC_WARN_UNUSED_VARIABLE = YES;
				IPHONEOS_DEPLOYMENT_TARGET = 9.0;
				MTL_ENABLE_DEBUG_INFO = YES;
				ONLY_ACTIVE_ARCH = YES;
				SDKROOT = iphoneos;
				SWIFT_ACTIVE_COMPILATION_CONDITIONS = DEBUG;
				SWIFT_OPTIMIZATION_LEVEL = "-Onone";
			};
			name = Debug;
		};
		FDA7EF6C1FBE3950008FC102 /* Release */ = {
			isa = XCBuildConfiguration;
			buildSettings = {
				ALWAYS_SEARCH_USER_PATHS = NO;
				CLANG_ANALYZER_NONNULL = YES;
				CLANG_ANALYZER_NUMBER_OBJECT_CONVERSION = YES_AGGRESSIVE;
				CLANG_CXX_LANGUAGE_STANDARD = "gnu++14";
				CLANG_CXX_LIBRARY = "libc++";
				CLANG_ENABLE_MODULES = YES;
				CLANG_ENABLE_OBJC_ARC = YES;
				CLANG_WARN_BLOCK_CAPTURE_AUTORELEASING = YES;
				CLANG_WARN_BOOL_CONVERSION = YES;
				CLANG_WARN_COMMA = YES;
				CLANG_WARN_CONSTANT_CONVERSION = YES;
				CLANG_WARN_DIRECT_OBJC_ISA_USAGE = YES_ERROR;
				CLANG_WARN_DOCUMENTATION_COMMENTS = YES;
				CLANG_WARN_EMPTY_BODY = YES;
				CLANG_WARN_ENUM_CONVERSION = YES;
				CLANG_WARN_INFINITE_RECURSION = YES;
				CLANG_WARN_INT_CONVERSION = YES;
				CLANG_WARN_NON_LITERAL_NULL_CONVERSION = YES;
				CLANG_WARN_OBJC_LITERAL_CONVERSION = YES;
				CLANG_WARN_OBJC_ROOT_CLASS = YES_ERROR;
				CLANG_WARN_RANGE_LOOP_ANALYSIS = YES;
				CLANG_WARN_STRICT_PROTOTYPES = YES;
				CLANG_WARN_SUSPICIOUS_MOVE = YES;
				CLANG_WARN_UNGUARDED_AVAILABILITY = YES_AGGRESSIVE;
				CLANG_WARN_UNREACHABLE_CODE = YES;
				CLANG_WARN__DUPLICATE_METHOD_MATCH = YES;
				CODE_SIGN_IDENTITY = "iPhone Developer";
				COPY_PHASE_STRIP = NO;
				DEBUG_INFORMATION_FORMAT = "dwarf-with-dsym";
				ENABLE_NS_ASSERTIONS = NO;
				ENABLE_STRICT_OBJC_MSGSEND = YES;
				ENABLE_TESTABILITY = NO;
				GCC_C_LANGUAGE_STANDARD = gnu11;
				GCC_NO_COMMON_BLOCKS = YES;
				GCC_WARN_64_TO_32_BIT_CONVERSION = YES;
				GCC_WARN_ABOUT_RETURN_TYPE = YES_ERROR;
				GCC_WARN_UNDECLARED_SELECTOR = YES;
				GCC_WARN_UNINITIALIZED_AUTOS = YES_AGGRESSIVE;
				GCC_WARN_UNUSED_FUNCTION = YES;
				GCC_WARN_UNUSED_VARIABLE = YES;
				IPHONEOS_DEPLOYMENT_TARGET = 9.0;
				MTL_ENABLE_DEBUG_INFO = NO;
				SDKROOT = iphoneos;
				SWIFT_OPTIMIZATION_LEVEL = "-Owholemodule";
				VALIDATE_PRODUCT = YES;
			};
			name = Release;
		};
		FDA7EF6E1FBE3950008FC102 /* Debug */ = {
			isa = XCBuildConfiguration;
			buildSettings = {
				ASSETCATALOG_COMPILER_APPICON_NAME = AppIcon;
				CODE_SIGN_STYLE = Automatic;
				DEVELOPMENT_TEAM = XJ3PM54JPR;
				INFOPLIST_FILE = fibonacci/Info.plist;
				IPHONEOS_DEPLOYMENT_TARGET = 9.0;
				LD_RUNPATH_SEARCH_PATHS = "$(inherited) @executable_path/Frameworks";
				PRODUCT_BUNDLE_IDENTIFIER = Callidus.fibonacci;
				PRODUCT_NAME = "$(TARGET_NAME)";
				SWIFT_VERSION = 4.0;
				TARGETED_DEVICE_FAMILY = "1,2";
			};
			name = Debug;
		};
		FDA7EF6F1FBE3950008FC102 /* Release */ = {
			isa = XCBuildConfiguration;
			buildSettings = {
				ASSETCATALOG_COMPILER_APPICON_NAME = AppIcon;
				CODE_SIGN_STYLE = Automatic;
				DEVELOPMENT_TEAM = XJ3PM54JPR;
				INFOPLIST_FILE = fibonacci/Info.plist;
				IPHONEOS_DEPLOYMENT_TARGET = 9.0;
				LD_RUNPATH_SEARCH_PATHS = "$(inherited) @executable_path/Frameworks";
				PRODUCT_BUNDLE_IDENTIFIER = Callidus.fibonacci;
				PRODUCT_NAME = "$(TARGET_NAME)";
				SWIFT_VERSION = 4.0;
				TARGETED_DEVICE_FAMILY = "1,2";
			};
			name = Release;
		};
		FDF94EF61FC38DFF00A164B8 /* Debug */ = {
			isa = XCBuildConfiguration;
			buildSettings = {
				BUNDLE_LOADER = "$(TEST_HOST)";
				CODE_SIGN_STYLE = Automatic;
				DEVELOPMENT_TEAM = XJ3PM54JPR;
				INFOPLIST_FILE = fibonacciTests/Info.plist;
				IPHONEOS_DEPLOYMENT_TARGET = 11.1;
				LD_RUNPATH_SEARCH_PATHS = "$(inherited) @executable_path/Frameworks @loader_path/Frameworks";
				PRODUCT_BUNDLE_IDENTIFIER = Callidus.fibonacciTests;
				PRODUCT_NAME = "$(TARGET_NAME)";
				SWIFT_VERSION = 4.0;
				TARGETED_DEVICE_FAMILY = "1,2";
				TEST_HOST = "$(BUILT_PRODUCTS_DIR)/fibonacci.app/fibonacci";
			};
			name = Debug;
		};
		FDF94EF71FC38DFF00A164B8 /* Release */ = {
			isa = XCBuildConfiguration;
			buildSettings = {
				BUNDLE_LOADER = "$(TEST_HOST)";
				CODE_SIGN_STYLE = Automatic;
				DEVELOPMENT_TEAM = XJ3PM54JPR;
				INFOPLIST_FILE = fibonacciTests/Info.plist;
				IPHONEOS_DEPLOYMENT_TARGET = 11.1;
				LD_RUNPATH_SEARCH_PATHS = "$(inherited) @executable_path/Frameworks @loader_path/Frameworks";
				PRODUCT_BUNDLE_IDENTIFIER = Callidus.fibonacciTests;
				PRODUCT_NAME = "$(TARGET_NAME)";
				SWIFT_VERSION = 4.0;
				TARGETED_DEVICE_FAMILY = "1,2";
				TEST_HOST = "$(BUILT_PRODUCTS_DIR)/fibonacci.app/fibonacci";
			};
			name = Release;
		};
		FDF94F041FC3967300A164B8 /* Debug */ = {
			isa = XCBuildConfiguration;
			buildSettings = {
				CODE_SIGN_STYLE = Automatic;
				DEVELOPMENT_TEAM = XJ3PM54JPR;
				INFOPLIST_FILE = fibonacciUITests/Info.plist;
				IPHONEOS_DEPLOYMENT_TARGET = 11.1;
				LD_RUNPATH_SEARCH_PATHS = "$(inherited) @executable_path/Frameworks @loader_path/Frameworks";
				PRODUCT_BUNDLE_IDENTIFIER = Callidus.fibonacciUITests;
				PRODUCT_NAME = "$(TARGET_NAME)";
				SWIFT_VERSION = 4.0;
				TARGETED_DEVICE_FAMILY = "1,2";
				TEST_TARGET_NAME = fibonacci;
			};
			name = Debug;
		};
		FDF94F051FC3967300A164B8 /* Release */ = {
			isa = XCBuildConfiguration;
			buildSettings = {
				CODE_SIGN_STYLE = Automatic;
				DEVELOPMENT_TEAM = XJ3PM54JPR;
				INFOPLIST_FILE = fibonacciUITests/Info.plist;
				IPHONEOS_DEPLOYMENT_TARGET = 11.1;
				LD_RUNPATH_SEARCH_PATHS = "$(inherited) @executable_path/Frameworks @loader_path/Frameworks";
				PRODUCT_BUNDLE_IDENTIFIER = Callidus.fibonacciUITests;
				PRODUCT_NAME = "$(TARGET_NAME)";
				SWIFT_VERSION = 4.0;
				TARGETED_DEVICE_FAMILY = "1,2";
				TEST_TARGET_NAME = fibonacci;
			};
			name = Release;
		};
/* End XCBuildConfiguration section */

/* Begin XCConfigurationList section */
		FDA7EF561FBE3950008FC102 /* Build configuration list for PBXProject "fibonacci" */ = {
			isa = XCConfigurationList;
			buildConfigurations = (
				FDA7EF6B1FBE3950008FC102 /* Debug */,
				FDA7EF6C1FBE3950008FC102 /* Release */,
			);
			defaultConfigurationIsVisible = 0;
			defaultConfigurationName = Release;
		};
		FDA7EF6D1FBE3950008FC102 /* Build configuration list for PBXNativeTarget "fibonacci" */ = {
			isa = XCConfigurationList;
			buildConfigurations = (
				FDA7EF6E1FBE3950008FC102 /* Debug */,
				FDA7EF6F1FBE3950008FC102 /* Release */,
			);
			defaultConfigurationIsVisible = 0;
			defaultConfigurationName = Release;
		};
		FDF94EF51FC38DFF00A164B8 /* Build configuration list for PBXNativeTarget "fibonacciTests" */ = {
			isa = XCConfigurationList;
			buildConfigurations = (
				FDF94EF61FC38DFF00A164B8 /* Debug */,
				FDF94EF71FC38DFF00A164B8 /* Release */,
			);
			defaultConfigurationIsVisible = 0;
			defaultConfigurationName = Release;
		};
		FDF94F031FC3967300A164B8 /* Build configuration list for PBXNativeTarget "fibonacciUITests" */ = {
			isa = XCConfigurationList;
			buildConfigurations = (
				FDF94F041FC3967300A164B8 /* Debug */,
				FDF94F051FC3967300A164B8 /* Release */,
			);
			defaultConfigurationIsVisible = 0;
			defaultConfigurationName = Release;
		};
/* End XCConfigurationList section */
	};
	rootObject = FDA7EF531FBE3950008FC102 /* Project object */;
}
